// !$*UTF8*$!
{
	archiveVersion = 1;
	classes = {
	};
	objectVersion = 56;
	objects = {

/* Begin PBXBuildFile section */
		69B01C7F24830A327E4072AA /* Pods_EM.framework in Frameworks */ = {isa = PBXBuildFile; fileRef = BECA8079141189EA031E3061 /* Pods_EM.framework */; };
		E89D4AC229C4DF5D00E0F69C /* CustomViews.swift in Sources */ = {isa = PBXBuildFile; fileRef = E89D4AC129C4DF5D00E0F69C /* CustomViews.swift */; };
		E8B6F27029BEF8F5007DF468 /* EMApp.swift in Sources */ = {isa = PBXBuildFile; fileRef = E8B6F26F29BEF8F5007DF468 /* EMApp.swift */; };
		E8B6F27429BEF8F8007DF468 /* Assets.xcassets in Resources */ = {isa = PBXBuildFile; fileRef = E8B6F27329BEF8F8007DF468 /* Assets.xcassets */; };
		E8B6F27729BEF8F8007DF468 /* Preview Assets.xcassets in Resources */ = {isa = PBXBuildFile; fileRef = E8B6F27629BEF8F8007DF468 /* Preview Assets.xcassets */; };
		E8B6F28629BEFD91007DF468 /* NetworkService.swift in Sources */ = {isa = PBXBuildFile; fileRef = E8B6F28529BEFD91007DF468 /* NetworkService.swift */; };
		E8B6F28829BEFD9F007DF468 /* DecoderService.swift in Sources */ = {isa = PBXBuildFile; fileRef = E8B6F28729BEFD9F007DF468 /* DecoderService.swift */; };
		E8B6F28A29BEFDA8007DF468 /* KeychainService.swift in Sources */ = {isa = PBXBuildFile; fileRef = E8B6F28929BEFDA8007DF468 /* KeychainService.swift */; };
		E8B6F28D29BEFF5D007DF468 /* LatestViewedResponce.swift in Sources */ = {isa = PBXBuildFile; fileRef = E8B6F28C29BEFF5D007DF468 /* LatestViewedResponce.swift */; };
		E8B6F28F29BEFF90007DF468 /* FlashSaleResponce.swift in Sources */ = {isa = PBXBuildFile; fileRef = E8B6F28E29BEFF90007DF468 /* FlashSaleResponce.swift */; };
		E8B6F29129BF09D7007DF468 /* ShowAPIService.swift in Sources */ = {isa = PBXBuildFile; fileRef = E8B6F29029BF09D7007DF468 /* ShowAPIService.swift */; };
		E8B6F29329BF0A73007DF468 /* ShowEndpoints.swift in Sources */ = {isa = PBXBuildFile; fileRef = E8B6F29229BF0A73007DF468 /* ShowEndpoints.swift */; };
		E8B6F29629BF1217007DF468 /* HomeViewModel.swift in Sources */ = {isa = PBXBuildFile; fileRef = E8B6F29529BF1217007DF468 /* HomeViewModel.swift */; };
		E8B6F29829BF18AF007DF468 /* HomeView.swift in Sources */ = {isa = PBXBuildFile; fileRef = E8B6F29729BF18AF007DF468 /* HomeView.swift */; };
		E8B6F29A29BF1AFC007DF468 /* AppCoordinator.swift in Sources */ = {isa = PBXBuildFile; fileRef = E8B6F29929BF1AFC007DF468 /* AppCoordinator.swift */; };
		E8B6F2B929BF54E8007DF468 /* Assets+Generated.swift in Sources */ = {isa = PBXBuildFile; fileRef = E8B6F2B729BF54E8007DF468 /* Assets+Generated.swift */; };
		E8B6F2BA29BF54E8007DF468 /* Localizable+Generated.swift in Sources */ = {isa = PBXBuildFile; fileRef = E8B6F2B829BF54E8007DF468 /* Localizable+Generated.swift */; };
		E8B6F2BE29BF56CB007DF468 /* Localizable.strings in Resources */ = {isa = PBXBuildFile; fileRef = E8B6F2BD29BF56CB007DF468 /* Localizable.strings */; };
		E8B6F2C229BF669A007DF468 /* Fonts+Generated.swift in Sources */ = {isa = PBXBuildFile; fileRef = E8B6F2C129BF669A007DF468 /* Fonts+Generated.swift */; };
		E8B6F2C429BF6EAB007DF468 /* Extensions.swift in Sources */ = {isa = PBXBuildFile; fileRef = E8B6F2C329BF6EAB007DF468 /* Extensions.swift */; };
		E8B6F2CD29BF7E3F007DF468 /* Montserrat-Light.ttf in Resources */ = {isa = PBXBuildFile; fileRef = E8B6F2C929BF7E3F007DF468 /* Montserrat-Light.ttf */; };
		E8B6F2CF29BF7E3F007DF468 /* Montserrat-Medium.ttf in Resources */ = {isa = PBXBuildFile; fileRef = E8B6F2CB29BF7E3F007DF468 /* Montserrat-Medium.ttf */; };
		E8B6F2D029BF7E3F007DF468 /* Montserrat-Regular.ttf in Resources */ = {isa = PBXBuildFile; fileRef = E8B6F2CC29BF7E3F007DF468 /* Montserrat-Regular.ttf */; };
		E8B6F2D329C06581007DF468 /* LoginViewModel.swift in Sources */ = {isa = PBXBuildFile; fileRef = E8B6F2D229C06580007DF468 /* LoginViewModel.swift */; };
		E8B6F2D629C065C9007DF468 /* LoginView.swift in Sources */ = {isa = PBXBuildFile; fileRef = E8B6F2D529C065C9007DF468 /* LoginView.swift */; };
		E8B6F2D829C06FB7007DF468 /* ViewExtensions.swift in Sources */ = {isa = PBXBuildFile; fileRef = E8B6F2D729C06FB7007DF468 /* ViewExtensions.swift */; };
		E8B6F2DA29C075F0007DF468 /* Montserrat-Bold.ttf in Resources */ = {isa = PBXBuildFile; fileRef = E8B6F2D929C075F0007DF468 /* Montserrat-Bold.ttf */; };
		E8B6F2DD29C09BEC007DF468 /* RegistrationView.swift in Sources */ = {isa = PBXBuildFile; fileRef = E8B6F2DC29C09BEC007DF468 /* RegistrationView.swift */; };
		E8B6F2DF29C09BFA007DF468 /* RegistrationViewModel.swift in Sources */ = {isa = PBXBuildFile; fileRef = E8B6F2DE29C09BFA007DF468 /* RegistrationViewModel.swift */; };
		E8B6F2FC29C1BBAC007DF468 /* ProfileViewModel.swift in Sources */ = {isa = PBXBuildFile; fileRef = E8B6F2FB29C1BBAC007DF468 /* ProfileViewModel.swift */; };
		E8B6F2FE29C1BBC6007DF468 /* ProfileView.swift in Sources */ = {isa = PBXBuildFile; fileRef = E8B6F2FD29C1BBC6007DF468 /* ProfileView.swift */; };
		E8B6F30029C1ED8B007DF468 /* PhotoPicker.swift in Sources */ = {isa = PBXBuildFile; fileRef = E8B6F2FF29C1ED8B007DF468 /* PhotoPicker.swift */; };
		E8B6F30F29C322DE007DF468 /* TabBarItemsPreferenceKey.swift in Sources */ = {isa = PBXBuildFile; fileRef = E8B6F30E29C322DE007DF468 /* TabBarItemsPreferenceKey.swift */; };
		E8B6F31129C322FC007DF468 /* TabBarItem.swift in Sources */ = {isa = PBXBuildFile; fileRef = E8B6F31029C322FC007DF468 /* TabBarItem.swift */; };
		E8B6F31329C32322007DF468 /* CustonTabBarContainerView.swift in Sources */ = {isa = PBXBuildFile; fileRef = E8B6F31229C32322007DF468 /* CustonTabBarContainerView.swift */; };
		E8B6F31529C3236B007DF468 /* CustonTabBarView.swift in Sources */ = {isa = PBXBuildFile; fileRef = E8B6F31429C3236B007DF468 /* CustonTabBarView.swift */; };
		E8B6F31729C323C9007DF468 /* TabBarView.swift in Sources */ = {isa = PBXBuildFile; fileRef = E8B6F31629C323C9007DF468 /* TabBarView.swift */; };
		E8B6F31A29C323E0007DF468 /* TabBarViewModel.swift in Sources */ = {isa = PBXBuildFile; fileRef = E8B6F31929C323E0007DF468 /* TabBarViewModel.swift */; };
		E8B6F31D29C33474007DF468 /* FavoritesView.swift in Sources */ = {isa = PBXBuildFile; fileRef = E8B6F31C29C33474007DF468 /* FavoritesView.swift */; };
		E8B6F32029C3350E007DF468 /* BasketView.swift in Sources */ = {isa = PBXBuildFile; fileRef = E8B6F31F29C3350E007DF468 /* BasketView.swift */; };
		E8B6F32329C33529007DF468 /* MessageView.swift in Sources */ = {isa = PBXBuildFile; fileRef = E8B6F32229C33529007DF468 /* MessageView.swift */; };
		E8B6F34329C4D538007DF468 /* HomeModel.swift in Sources */ = {isa = PBXBuildFile; fileRef = E8B6F34229C4D538007DF468 /* HomeModel.swift */; };
		E8E2C85129C66F0B00284D9F /* FlowStacks in Frameworks */ = {isa = PBXBuildFile; productRef = E8E2C85029C66F0B00284D9F /* FlowStacks */; };
		E8E2C85929C7813500284D9F /* AuthCoordinator.swift in Sources */ = {isa = PBXBuildFile; fileRef = E8E2C85829C7813500284D9F /* AuthCoordinator.swift */; };
		E8E2C85D29C7C64B00284D9F /* TabBarCoordinator.swift in Sources */ = {isa = PBXBuildFile; fileRef = E8E2C85C29C7C64B00284D9F /* TabBarCoordinator.swift */; };
		E8E2C85F29C8791E00284D9F /* RegistrationModel.swift in Sources */ = {isa = PBXBuildFile; fileRef = E8E2C85E29C8791E00284D9F /* RegistrationModel.swift */; };
		E8E2C86129C8EA2000284D9F /* ProfileOptionModel.swift in Sources */ = {isa = PBXBuildFile; fileRef = E8E2C86029C8EA2000284D9F /* ProfileOptionModel.swift */; };
/* End PBXBuildFile section */

/* Begin PBXFileReference section */
		19FF89C55A694E375975118C /* Pods-EM.debug.xcconfig */ = {isa = PBXFileReference; includeInIndex = 1; lastKnownFileType = text.xcconfig; name = "Pods-EM.debug.xcconfig"; path = "Target Support Files/Pods-EM/Pods-EM.debug.xcconfig"; sourceTree = "<group>"; };
		BECA8079141189EA031E3061 /* Pods_EM.framework */ = {isa = PBXFileReference; explicitFileType = wrapper.framework; includeInIndex = 0; path = Pods_EM.framework; sourceTree = BUILT_PRODUCTS_DIR; };
		E89D4AC129C4DF5D00E0F69C /* CustomViews.swift */ = {isa = PBXFileReference; lastKnownFileType = sourcecode.swift; path = CustomViews.swift; sourceTree = "<group>"; };
		E8B6F26C29BEF8F5007DF468 /* EM.app */ = {isa = PBXFileReference; explicitFileType = wrapper.application; includeInIndex = 0; path = EM.app; sourceTree = BUILT_PRODUCTS_DIR; };
		E8B6F26F29BEF8F5007DF468 /* EMApp.swift */ = {isa = PBXFileReference; lastKnownFileType = sourcecode.swift; path = EMApp.swift; sourceTree = "<group>"; };
		E8B6F27329BEF8F8007DF468 /* Assets.xcassets */ = {isa = PBXFileReference; lastKnownFileType = folder.assetcatalog; path = Assets.xcassets; sourceTree = "<group>"; };
		E8B6F27629BEF8F8007DF468 /* Preview Assets.xcassets */ = {isa = PBXFileReference; lastKnownFileType = folder.assetcatalog; path = "Preview Assets.xcassets"; sourceTree = "<group>"; };
		E8B6F28529BEFD91007DF468 /* NetworkService.swift */ = {isa = PBXFileReference; lastKnownFileType = sourcecode.swift; path = NetworkService.swift; sourceTree = "<group>"; };
		E8B6F28729BEFD9F007DF468 /* DecoderService.swift */ = {isa = PBXFileReference; lastKnownFileType = sourcecode.swift; path = DecoderService.swift; sourceTree = "<group>"; };
		E8B6F28929BEFDA8007DF468 /* KeychainService.swift */ = {isa = PBXFileReference; lastKnownFileType = sourcecode.swift; path = KeychainService.swift; sourceTree = "<group>"; };
		E8B6F28C29BEFF5D007DF468 /* LatestViewedResponce.swift */ = {isa = PBXFileReference; lastKnownFileType = sourcecode.swift; path = LatestViewedResponce.swift; sourceTree = "<group>"; };
		E8B6F28E29BEFF90007DF468 /* FlashSaleResponce.swift */ = {isa = PBXFileReference; lastKnownFileType = sourcecode.swift; path = FlashSaleResponce.swift; sourceTree = "<group>"; };
		E8B6F29029BF09D7007DF468 /* ShowAPIService.swift */ = {isa = PBXFileReference; lastKnownFileType = sourcecode.swift; path = ShowAPIService.swift; sourceTree = "<group>"; };
		E8B6F29229BF0A73007DF468 /* ShowEndpoints.swift */ = {isa = PBXFileReference; lastKnownFileType = sourcecode.swift; path = ShowEndpoints.swift; sourceTree = "<group>"; };
		E8B6F29529BF1217007DF468 /* HomeViewModel.swift */ = {isa = PBXFileReference; lastKnownFileType = sourcecode.swift; path = HomeViewModel.swift; sourceTree = "<group>"; };
		E8B6F29729BF18AF007DF468 /* HomeView.swift */ = {isa = PBXFileReference; lastKnownFileType = sourcecode.swift; path = HomeView.swift; sourceTree = "<group>"; };
		E8B6F29929BF1AFC007DF468 /* AppCoordinator.swift */ = {isa = PBXFileReference; lastKnownFileType = sourcecode.swift; path = AppCoordinator.swift; sourceTree = "<group>"; };
		E8B6F2B529BF5177007DF468 /* swiftgen.yml */ = {isa = PBXFileReference; lastKnownFileType = text.yaml; path = swiftgen.yml; sourceTree = "<group>"; };
		E8B6F2B729BF54E8007DF468 /* Assets+Generated.swift */ = {isa = PBXFileReference; fileEncoding = 4; lastKnownFileType = sourcecode.swift; path = "Assets+Generated.swift"; sourceTree = "<group>"; };
		E8B6F2B829BF54E8007DF468 /* Localizable+Generated.swift */ = {isa = PBXFileReference; fileEncoding = 4; lastKnownFileType = sourcecode.swift; path = "Localizable+Generated.swift"; sourceTree = "<group>"; };
		E8B6F2BD29BF56CB007DF468 /* Localizable.strings */ = {isa = PBXFileReference; lastKnownFileType = text.plist.strings; path = Localizable.strings; sourceTree = "<group>"; };
		E8B6F2C129BF669A007DF468 /* Fonts+Generated.swift */ = {isa = PBXFileReference; lastKnownFileType = sourcecode.swift; path = "Fonts+Generated.swift"; sourceTree = "<group>"; };
		E8B6F2C329BF6EAB007DF468 /* Extensions.swift */ = {isa = PBXFileReference; lastKnownFileType = sourcecode.swift; path = Extensions.swift; sourceTree = "<group>"; };
		E8B6F2C829BF7D06007DF468 /* Info.plist */ = {isa = PBXFileReference; lastKnownFileType = text.plist; path = Info.plist; sourceTree = "<group>"; };
		E8B6F2C929BF7E3F007DF468 /* Montserrat-Light.ttf */ = {isa = PBXFileReference; lastKnownFileType = file; path = "Montserrat-Light.ttf"; sourceTree = "<group>"; };
		E8B6F2CB29BF7E3F007DF468 /* Montserrat-Medium.ttf */ = {isa = PBXFileReference; lastKnownFileType = file; path = "Montserrat-Medium.ttf"; sourceTree = "<group>"; };
		E8B6F2CC29BF7E3F007DF468 /* Montserrat-Regular.ttf */ = {isa = PBXFileReference; lastKnownFileType = file; path = "Montserrat-Regular.ttf"; sourceTree = "<group>"; };
		E8B6F2D229C06580007DF468 /* LoginViewModel.swift */ = {isa = PBXFileReference; lastKnownFileType = sourcecode.swift; path = LoginViewModel.swift; sourceTree = "<group>"; };
		E8B6F2D529C065C9007DF468 /* LoginView.swift */ = {isa = PBXFileReference; lastKnownFileType = sourcecode.swift; path = LoginView.swift; sourceTree = "<group>"; };
		E8B6F2D729C06FB7007DF468 /* ViewExtensions.swift */ = {isa = PBXFileReference; lastKnownFileType = sourcecode.swift; path = ViewExtensions.swift; sourceTree = "<group>"; };
		E8B6F2D929C075F0007DF468 /* Montserrat-Bold.ttf */ = {isa = PBXFileReference; lastKnownFileType = file; path = "Montserrat-Bold.ttf"; sourceTree = "<group>"; };
		E8B6F2DC29C09BEC007DF468 /* RegistrationView.swift */ = {isa = PBXFileReference; lastKnownFileType = sourcecode.swift; path = RegistrationView.swift; sourceTree = "<group>"; };
		E8B6F2DE29C09BFA007DF468 /* RegistrationViewModel.swift */ = {isa = PBXFileReference; lastKnownFileType = sourcecode.swift; path = RegistrationViewModel.swift; sourceTree = "<group>"; };
		E8B6F2FB29C1BBAC007DF468 /* ProfileViewModel.swift */ = {isa = PBXFileReference; lastKnownFileType = sourcecode.swift; path = ProfileViewModel.swift; sourceTree = "<group>"; };
		E8B6F2FD29C1BBC6007DF468 /* ProfileView.swift */ = {isa = PBXFileReference; lastKnownFileType = sourcecode.swift; path = ProfileView.swift; sourceTree = "<group>"; };
		E8B6F2FF29C1ED8B007DF468 /* PhotoPicker.swift */ = {isa = PBXFileReference; lastKnownFileType = sourcecode.swift; path = PhotoPicker.swift; sourceTree = "<group>"; };
		E8B6F30E29C322DE007DF468 /* TabBarItemsPreferenceKey.swift */ = {isa = PBXFileReference; lastKnownFileType = sourcecode.swift; path = TabBarItemsPreferenceKey.swift; sourceTree = "<group>"; };
		E8B6F31029C322FC007DF468 /* TabBarItem.swift */ = {isa = PBXFileReference; lastKnownFileType = sourcecode.swift; path = TabBarItem.swift; sourceTree = "<group>"; };
		E8B6F31229C32322007DF468 /* CustonTabBarContainerView.swift */ = {isa = PBXFileReference; lastKnownFileType = sourcecode.swift; path = CustonTabBarContainerView.swift; sourceTree = "<group>"; };
		E8B6F31429C3236B007DF468 /* CustonTabBarView.swift */ = {isa = PBXFileReference; lastKnownFileType = sourcecode.swift; path = CustonTabBarView.swift; sourceTree = "<group>"; };
		E8B6F31629C323C9007DF468 /* TabBarView.swift */ = {isa = PBXFileReference; lastKnownFileType = sourcecode.swift; path = TabBarView.swift; sourceTree = "<group>"; };
		E8B6F31929C323E0007DF468 /* TabBarViewModel.swift */ = {isa = PBXFileReference; lastKnownFileType = sourcecode.swift; path = TabBarViewModel.swift; sourceTree = "<group>"; };
		E8B6F31C29C33474007DF468 /* FavoritesView.swift */ = {isa = PBXFileReference; lastKnownFileType = sourcecode.swift; path = FavoritesView.swift; sourceTree = "<group>"; };
		E8B6F31F29C3350E007DF468 /* BasketView.swift */ = {isa = PBXFileReference; lastKnownFileType = sourcecode.swift; path = BasketView.swift; sourceTree = "<group>"; };
		E8B6F32229C33529007DF468 /* MessageView.swift */ = {isa = PBXFileReference; lastKnownFileType = sourcecode.swift; path = MessageView.swift; sourceTree = "<group>"; };
		E8B6F34229C4D538007DF468 /* HomeModel.swift */ = {isa = PBXFileReference; lastKnownFileType = sourcecode.swift; path = HomeModel.swift; sourceTree = "<group>"; };
		E8E2C85829C7813500284D9F /* AuthCoordinator.swift */ = {isa = PBXFileReference; lastKnownFileType = sourcecode.swift; path = AuthCoordinator.swift; sourceTree = "<group>"; };
		E8E2C85C29C7C64B00284D9F /* TabBarCoordinator.swift */ = {isa = PBXFileReference; lastKnownFileType = sourcecode.swift; path = TabBarCoordinator.swift; sourceTree = "<group>"; };
		E8E2C85E29C8791E00284D9F /* RegistrationModel.swift */ = {isa = PBXFileReference; lastKnownFileType = sourcecode.swift; path = RegistrationModel.swift; sourceTree = "<group>"; };
		E8E2C86029C8EA2000284D9F /* ProfileOptionModel.swift */ = {isa = PBXFileReference; lastKnownFileType = sourcecode.swift; path = ProfileOptionModel.swift; sourceTree = "<group>"; };
		FC368A08715CED33C717E743 /* Pods-EM.release.xcconfig */ = {isa = PBXFileReference; includeInIndex = 1; lastKnownFileType = text.xcconfig; name = "Pods-EM.release.xcconfig"; path = "Target Support Files/Pods-EM/Pods-EM.release.xcconfig"; sourceTree = "<group>"; };
/* End PBXFileReference section */

/* Begin PBXFrameworksBuildPhase section */
		E8B6F26929BEF8F5007DF468 /* Frameworks */ = {
			isa = PBXFrameworksBuildPhase;
			buildActionMask = 2147483647;
			files = (
				E8E2C85129C66F0B00284D9F /* FlowStacks in Frameworks */,
				69B01C7F24830A327E4072AA /* Pods_EM.framework in Frameworks */,
			);
			runOnlyForDeploymentPostprocessing = 0;
		};
/* End PBXFrameworksBuildPhase section */

/* Begin PBXGroup section */
		B4C2958FA20C25CA67D36C12 /* Pods */ = {
			isa = PBXGroup;
			children = (
				19FF89C55A694E375975118C /* Pods-EM.debug.xcconfig */,
				FC368A08715CED33C717E743 /* Pods-EM.release.xcconfig */,
			);
			path = Pods;
			sourceTree = "<group>";
		};
		E357250DB9196770F2E030C7 /* Frameworks */ = {
			isa = PBXGroup;
			children = (
				BECA8079141189EA031E3061 /* Pods_EM.framework */,
			);
			name = Frameworks;
			sourceTree = "<group>";
		};
		E8B6F26329BEF8F5007DF468 = {
			isa = PBXGroup;
			children = (
				E8B6F26E29BEF8F5007DF468 /* EM */,
				E8B6F26D29BEF8F5007DF468 /* Products */,
				B4C2958FA20C25CA67D36C12 /* Pods */,
				E8B6F2B529BF5177007DF468 /* swiftgen.yml */,
				E357250DB9196770F2E030C7 /* Frameworks */,
			);
			sourceTree = "<group>";
		};
		E8B6F26D29BEF8F5007DF468 /* Products */ = {
			isa = PBXGroup;
			children = (
				E8B6F26C29BEF8F5007DF468 /* EM.app */,
			);
			name = Products;
			sourceTree = "<group>";
		};
		E8B6F26E29BEF8F5007DF468 /* EM */ = {
			isa = PBXGroup;
			children = (
				E8B6F26F29BEF8F5007DF468 /* EMApp.swift */,
				E8B6F30C29C32296007DF468 /* CustomViews */,
				E8B6F27F29BEFCEB007DF468 /* Coordinators */,
				E8B6F27E29BEFCC7007DF468 /* Flows */,
				E8B6F27D29BEFCA0007DF468 /* Core */,
				E8B6F2BB29BF5629007DF468 /* Resources */,
				E8B6F27529BEF8F8007DF468 /* Preview Content */,
				E8B6F2C829BF7D06007DF468 /* Info.plist */,
			);
			path = EM;
			sourceTree = "<group>";
		};
		E8B6F27529BEF8F8007DF468 /* Preview Content */ = {
			isa = PBXGroup;
			children = (
				E8B6F27629BEF8F8007DF468 /* Preview Assets.xcassets */,
			);
			path = "Preview Content";
			sourceTree = "<group>";
		};
		E8B6F27D29BEFCA0007DF468 /* Core */ = {
			isa = PBXGroup;
			children = (
				E8B6F28129BEFD11007DF468 /* Extensions */,
				E8B6F28029BEFD07007DF468 /* ServiceLayer */,
			);
			path = Core;
			sourceTree = "<group>";
		};
		E8B6F27E29BEFCC7007DF468 /* Flows */ = {
			isa = PBXGroup;
			children = (
				E8B6F2DB29C09BC3007DF468 /* Registration */,
				E8B6F2D129C0656B007DF468 /* Login */,
				E8B6F31829C323CC007DF468 /* TabBar */,
				E8B6F29429BF11BD007DF468 /* Home */,
				E8B6F31B29C33452007DF468 /* Favorites */,
				E8B6F31E29C33492007DF468 /* Basket */,
				E8B6F32129C3351F007DF468 /* Message */,
				E8B6F2FA29C1BB80007DF468 /* Profile */,
			);
			path = Flows;
			sourceTree = "<group>";
		};
		E8B6F27F29BEFCEB007DF468 /* Coordinators */ = {
			isa = PBXGroup;
			children = (
				E8B6F29929BF1AFC007DF468 /* AppCoordinator.swift */,
				E8E2C85829C7813500284D9F /* AuthCoordinator.swift */,
				E8E2C85C29C7C64B00284D9F /* TabBarCoordinator.swift */,
			);
			path = Coordinators;
			sourceTree = "<group>";
		};
		E8B6F28029BEFD07007DF468 /* ServiceLayer */ = {
			isa = PBXGroup;
			children = (
				E8B6F28B29BEFF48007DF468 /* Responses */,
				E8B6F28329BEFD48007DF468 /* MoyaServices */,
				E8B6F28229BEFD3A007DF468 /* APIServices */,
				E8B6F28529BEFD91007DF468 /* NetworkService.swift */,
				E8B6F28729BEFD9F007DF468 /* DecoderService.swift */,
				E8B6F28929BEFDA8007DF468 /* KeychainService.swift */,
			);
			path = ServiceLayer;
			sourceTree = "<group>";
		};
		E8B6F28129BEFD11007DF468 /* Extensions */ = {
			isa = PBXGroup;
			children = (
				E8B6F2C329BF6EAB007DF468 /* Extensions.swift */,
				E8B6F2D729C06FB7007DF468 /* ViewExtensions.swift */,
			);
			path = Extensions;
			sourceTree = "<group>";
		};
		E8B6F28229BEFD3A007DF468 /* APIServices */ = {
			isa = PBXGroup;
			children = (
				E8B6F29029BF09D7007DF468 /* ShowAPIService.swift */,
			);
			path = APIServices;
			sourceTree = "<group>";
		};
		E8B6F28329BEFD48007DF468 /* MoyaServices */ = {
			isa = PBXGroup;
			children = (
				E8B6F29229BF0A73007DF468 /* ShowEndpoints.swift */,
			);
			path = MoyaServices;
			sourceTree = "<group>";
		};
		E8B6F28B29BEFF48007DF468 /* Responses */ = {
			isa = PBXGroup;
			children = (
				E8B6F28C29BEFF5D007DF468 /* LatestViewedResponce.swift */,
				E8B6F28E29BEFF90007DF468 /* FlashSaleResponce.swift */,
			);
			path = Responses;
			sourceTree = "<group>";
		};
		E8B6F29429BF11BD007DF468 /* Home */ = {
			isa = PBXGroup;
			children = (
				E8B6F29529BF1217007DF468 /* HomeViewModel.swift */,
				E8B6F29729BF18AF007DF468 /* HomeView.swift */,
				E8B6F34229C4D538007DF468 /* HomeModel.swift */,
			);
			path = Home;
			sourceTree = "<group>";
		};
		E8B6F2B629BF5337007DF468 /* Generated */ = {
			isa = PBXGroup;
			children = (
				E8B6F2B729BF54E8007DF468 /* Assets+Generated.swift */,
				E8B6F2B829BF54E8007DF468 /* Localizable+Generated.swift */,
				E8B6F2C129BF669A007DF468 /* Fonts+Generated.swift */,
			);
			path = Generated;
			sourceTree = "<group>";
		};
		E8B6F2BB29BF5629007DF468 /* Resources */ = {
			isa = PBXGroup;
			children = (
				E8B6F2BD29BF56CB007DF468 /* Localizable.strings */,
				E8B6F2BF29BF6554007DF468 /* Fonts */,
				E8B6F2B629BF5337007DF468 /* Generated */,
				E8B6F27329BEF8F8007DF468 /* Assets.xcassets */,
			);
			path = Resources;
			sourceTree = "<group>";
		};
		E8B6F2BF29BF6554007DF468 /* Fonts */ = {
			isa = PBXGroup;
			children = (
				E8B6F2D929C075F0007DF468 /* Montserrat-Bold.ttf */,
				E8B6F2C929BF7E3F007DF468 /* Montserrat-Light.ttf */,
				E8B6F2CB29BF7E3F007DF468 /* Montserrat-Medium.ttf */,
				E8B6F2CC29BF7E3F007DF468 /* Montserrat-Regular.ttf */,
			);
			path = Fonts;
			sourceTree = "<group>";
		};
		E8B6F2D129C0656B007DF468 /* Login */ = {
			isa = PBXGroup;
			children = (
				E8B6F2D529C065C9007DF468 /* LoginView.swift */,
				E8B6F2D229C06580007DF468 /* LoginViewModel.swift */,
			);
			path = Login;
			sourceTree = "<group>";
		};
		E8B6F2DB29C09BC3007DF468 /* Registration */ = {
			isa = PBXGroup;
			children = (
				E8B6F2DC29C09BEC007DF468 /* RegistrationView.swift */,
				E8B6F2DE29C09BFA007DF468 /* RegistrationViewModel.swift */,
				E8E2C85E29C8791E00284D9F /* RegistrationModel.swift */,
			);
			path = Registration;
			sourceTree = "<group>";
		};
		E8B6F2FA29C1BB80007DF468 /* Profile */ = {
			isa = PBXGroup;
			children = (
				E8E2C86029C8EA2000284D9F /* ProfileOptionModel.swift */,
				E8B6F2FB29C1BBAC007DF468 /* ProfileViewModel.swift */,
				E8B6F2FD29C1BBC6007DF468 /* ProfileView.swift */,
				E8B6F2FF29C1ED8B007DF468 /* PhotoPicker.swift */,
			);
			path = Profile;
			sourceTree = "<group>";
		};
		E8B6F30C29C32296007DF468 /* CustomViews */ = {
			isa = PBXGroup;
			children = (
				E8B6F30D29C322A0007DF468 /* CustomTabBar */,
				E89D4AC129C4DF5D00E0F69C /* CustomViews.swift */,
			);
			path = CustomViews;
			sourceTree = "<group>";
		};
		E8B6F30D29C322A0007DF468 /* CustomTabBar */ = {
			isa = PBXGroup;
			children = (
				E8B6F30E29C322DE007DF468 /* TabBarItemsPreferenceKey.swift */,
				E8B6F31029C322FC007DF468 /* TabBarItem.swift */,
				E8B6F31229C32322007DF468 /* CustonTabBarContainerView.swift */,
				E8B6F31429C3236B007DF468 /* CustonTabBarView.swift */,
			);
			path = CustomTabBar;
			sourceTree = "<group>";
		};
		E8B6F31829C323CC007DF468 /* TabBar */ = {
			isa = PBXGroup;
			children = (
				E8B6F31629C323C9007DF468 /* TabBarView.swift */,
				E8B6F31929C323E0007DF468 /* TabBarViewModel.swift */,
			);
			path = TabBar;
			sourceTree = "<group>";
		};
		E8B6F31B29C33452007DF468 /* Favorites */ = {
			isa = PBXGroup;
			children = (
				E8B6F31C29C33474007DF468 /* FavoritesView.swift */,
			);
			path = Favorites;
			sourceTree = "<group>";
		};
		E8B6F31E29C33492007DF468 /* Basket */ = {
			isa = PBXGroup;
			children = (
				E8B6F31F29C3350E007DF468 /* BasketView.swift */,
			);
			path = Basket;
			sourceTree = "<group>";
		};
		E8B6F32129C3351F007DF468 /* Message */ = {
			isa = PBXGroup;
			children = (
				E8B6F32229C33529007DF468 /* MessageView.swift */,
			);
			path = Message;
			sourceTree = "<group>";
		};
/* End PBXGroup section */

/* Begin PBXNativeTarget section */
		E8B6F26B29BEF8F5007DF468 /* EM */ = {
			isa = PBXNativeTarget;
			buildConfigurationList = E8B6F27A29BEF8F8007DF468 /* Build configuration list for PBXNativeTarget "EM" */;
			buildPhases = (
				2FD3659008342C845DBF1DC9 /* [CP] Check Pods Manifest.lock */,
				E8B6F26829BEF8F5007DF468 /* Sources */,
				E8B6F26929BEF8F5007DF468 /* Frameworks */,
				E8B6F26A29BEF8F5007DF468 /* Resources */,
				D0B3FABF8B58CA7A250669B8 /* [CP] Embed Pods Frameworks */,
			);
			buildRules = (
			);
			dependencies = (
			);
			name = EM;
			packageProductDependencies = (
				E8E2C85029C66F0B00284D9F /* FlowStacks */,
			);
			productName = EM;
			productReference = E8B6F26C29BEF8F5007DF468 /* EM.app */;
			productType = "com.apple.product-type.application";
		};
/* End PBXNativeTarget section */

/* Begin PBXProject section */
		E8B6F26429BEF8F5007DF468 /* Project object */ = {
			isa = PBXProject;
			attributes = {
				BuildIndependentTargetsInParallel = 1;
				LastSwiftUpdateCheck = 1420;
				LastUpgradeCheck = 1420;
				TargetAttributes = {
					E8B6F26B29BEF8F5007DF468 = {
						CreatedOnToolsVersion = 14.2;
					};
				};
			};
			buildConfigurationList = E8B6F26729BEF8F5007DF468 /* Build configuration list for PBXProject "EM" */;
			compatibilityVersion = "Xcode 14.0";
			developmentRegion = en;
			hasScannedForEncodings = 0;
			knownRegions = (
				en,
				Base,
				ru,
			);
			mainGroup = E8B6F26329BEF8F5007DF468;
			packageReferences = (
				E8E2C84F29C66F0B00284D9F /* XCRemoteSwiftPackageReference "FlowStacks" */,
			);
			productRefGroup = E8B6F26D29BEF8F5007DF468 /* Products */;
			projectDirPath = "";
			projectRoot = "";
			targets = (
				E8B6F26B29BEF8F5007DF468 /* EM */,
			);
		};
/* End PBXProject section */

/* Begin PBXResourcesBuildPhase section */
		E8B6F26A29BEF8F5007DF468 /* Resources */ = {
			isa = PBXResourcesBuildPhase;
			buildActionMask = 2147483647;
			files = (
				E8B6F2CD29BF7E3F007DF468 /* Montserrat-Light.ttf in Resources */,
				E8B6F2D029BF7E3F007DF468 /* Montserrat-Regular.ttf in Resources */,
				E8B6F27729BEF8F8007DF468 /* Preview Assets.xcassets in Resources */,
				E8B6F2BE29BF56CB007DF468 /* Localizable.strings in Resources */,
				E8B6F2CF29BF7E3F007DF468 /* Montserrat-Medium.ttf in Resources */,
				E8B6F2DA29C075F0007DF468 /* Montserrat-Bold.ttf in Resources */,
				E8B6F27429BEF8F8007DF468 /* Assets.xcassets in Resources */,
			);
			runOnlyForDeploymentPostprocessing = 0;
		};
/* End PBXResourcesBuildPhase section */

/* Begin PBXShellScriptBuildPhase section */
		2FD3659008342C845DBF1DC9 /* [CP] Check Pods Manifest.lock */ = {
			isa = PBXShellScriptBuildPhase;
			buildActionMask = 2147483647;
			files = (
			);
			inputFileListPaths = (
			);
			inputPaths = (
				"${PODS_PODFILE_DIR_PATH}/Podfile.lock",
				"${PODS_ROOT}/Manifest.lock",
			);
			name = "[CP] Check Pods Manifest.lock";
			outputFileListPaths = (
			);
			outputPaths = (
				"$(DERIVED_FILE_DIR)/Pods-EM-checkManifestLockResult.txt",
			);
			runOnlyForDeploymentPostprocessing = 0;
			shellPath = /bin/sh;
			shellScript = "diff \"${PODS_PODFILE_DIR_PATH}/Podfile.lock\" \"${PODS_ROOT}/Manifest.lock\" > /dev/null\nif [ $? != 0 ] ; then\n    # print error to STDERR\n    echo \"error: The sandbox is not in sync with the Podfile.lock. Run 'pod install' or update your CocoaPods installation.\" >&2\n    exit 1\nfi\n# This output is used by Xcode 'outputs' to avoid re-running this script phase.\necho \"SUCCESS\" > \"${SCRIPT_OUTPUT_FILE_0}\"\n";
			showEnvVarsInLog = 0;
		};
		D0B3FABF8B58CA7A250669B8 /* [CP] Embed Pods Frameworks */ = {
			isa = PBXShellScriptBuildPhase;
			buildActionMask = 2147483647;
			files = (
			);
			inputFileListPaths = (
				"${PODS_ROOT}/Target Support Files/Pods-EM/Pods-EM-frameworks-${CONFIGURATION}-input-files.xcfilelist",
			);
			name = "[CP] Embed Pods Frameworks";
			outputFileListPaths = (
				"${PODS_ROOT}/Target Support Files/Pods-EM/Pods-EM-frameworks-${CONFIGURATION}-output-files.xcfilelist",
			);
			runOnlyForDeploymentPostprocessing = 0;
			shellPath = /bin/sh;
			shellScript = "\"${PODS_ROOT}/Target Support Files/Pods-EM/Pods-EM-frameworks.sh\"\n";
			showEnvVarsInLog = 0;
		};
/* End PBXShellScriptBuildPhase section */

/* Begin PBXSourcesBuildPhase section */
		E8B6F26829BEF8F5007DF468 /* Sources */ = {
			isa = PBXSourcesBuildPhase;
			buildActionMask = 2147483647;
			files = (
				E8E2C86129C8EA2000284D9F /* ProfileOptionModel.swift in Sources */,
				E8B6F29A29BF1AFC007DF468 /* AppCoordinator.swift in Sources */,
				E8B6F28629BEFD91007DF468 /* NetworkService.swift in Sources */,
				E8B6F34329C4D538007DF468 /* HomeModel.swift in Sources */,
				E89D4AC229C4DF5D00E0F69C /* CustomViews.swift in Sources */,
				E8E2C85F29C8791E00284D9F /* RegistrationModel.swift in Sources */,
				E8B6F31729C323C9007DF468 /* TabBarView.swift in Sources */,
				E8B6F28D29BEFF5D007DF468 /* LatestViewedResponce.swift in Sources */,
				E8B6F29629BF1217007DF468 /* HomeViewModel.swift in Sources */,
				E8B6F2D829C06FB7007DF468 /* ViewExtensions.swift in Sources */,
				E8B6F2DF29C09BFA007DF468 /* RegistrationViewModel.swift in Sources */,
				E8B6F2FC29C1BBAC007DF468 /* ProfileViewModel.swift in Sources */,
				E8B6F2D329C06581007DF468 /* LoginViewModel.swift in Sources */,
				E8B6F29129BF09D7007DF468 /* ShowAPIService.swift in Sources */,
				E8B6F28829BEFD9F007DF468 /* DecoderService.swift in Sources */,
				E8B6F2B929BF54E8007DF468 /* Assets+Generated.swift in Sources */,
				E8E2C85D29C7C64B00284D9F /* TabBarCoordinator.swift in Sources */,
				E8B6F32329C33529007DF468 /* MessageView.swift in Sources */,
				E8B6F31529C3236B007DF468 /* CustonTabBarView.swift in Sources */,
				E8B6F30029C1ED8B007DF468 /* PhotoPicker.swift in Sources */,
				E8B6F31129C322FC007DF468 /* TabBarItem.swift in Sources */,
				E8B6F2BA29BF54E8007DF468 /* Localizable+Generated.swift in Sources */,
				E8B6F31329C32322007DF468 /* CustonTabBarContainerView.swift in Sources */,
				E8B6F28A29BEFDA8007DF468 /* KeychainService.swift in Sources */,
				E8B6F32029C3350E007DF468 /* BasketView.swift in Sources */,
				E8B6F31A29C323E0007DF468 /* TabBarViewModel.swift in Sources */,
				E8B6F2D629C065C9007DF468 /* LoginView.swift in Sources */,
				E8B6F31D29C33474007DF468 /* FavoritesView.swift in Sources */,
				E8E2C85929C7813500284D9F /* AuthCoordinator.swift in Sources */,
				E8B6F30F29C322DE007DF468 /* TabBarItemsPreferenceKey.swift in Sources */,
				E8B6F29829BF18AF007DF468 /* HomeView.swift in Sources */,
				E8B6F2DD29C09BEC007DF468 /* RegistrationView.swift in Sources */,
				E8B6F2C429BF6EAB007DF468 /* Extensions.swift in Sources */,
				E8B6F2C229BF669A007DF468 /* Fonts+Generated.swift in Sources */,
				E8B6F29329BF0A73007DF468 /* ShowEndpoints.swift in Sources */,
				E8B6F27029BEF8F5007DF468 /* EMApp.swift in Sources */,
				E8B6F2FE29C1BBC6007DF468 /* ProfileView.swift in Sources */,
				E8B6F28F29BEFF90007DF468 /* FlashSaleResponce.swift in Sources */,
			);
			runOnlyForDeploymentPostprocessing = 0;
		};
/* End PBXSourcesBuildPhase section */

/* Begin XCBuildConfiguration section */
		E8B6F27829BEF8F8007DF468 /* Debug */ = {
			isa = XCBuildConfiguration;
			buildSettings = {
				ALWAYS_SEARCH_USER_PATHS = NO;
				CLANG_ANALYZER_LOCALIZABILITY_NONLOCALIZED = YES;
				CLANG_ANALYZER_NONNULL = YES;
				CLANG_ANALYZER_NUMBER_OBJECT_CONVERSION = YES_AGGRESSIVE;
				CLANG_CXX_LANGUAGE_STANDARD = "gnu++20";
				CLANG_ENABLE_MODULES = YES;
				CLANG_ENABLE_OBJC_ARC = YES;
				CLANG_ENABLE_OBJC_WEAK = YES;
				CLANG_WARN_BLOCK_CAPTURE_AUTORELEASING = YES;
				CLANG_WARN_BOOL_CONVERSION = YES;
				CLANG_WARN_COMMA = YES;
				CLANG_WARN_CONSTANT_CONVERSION = YES;
				CLANG_WARN_DEPRECATED_OBJC_IMPLEMENTATIONS = YES;
				CLANG_WARN_DIRECT_OBJC_ISA_USAGE = YES_ERROR;
				CLANG_WARN_DOCUMENTATION_COMMENTS = YES;
				CLANG_WARN_EMPTY_BODY = YES;
				CLANG_WARN_ENUM_CONVERSION = YES;
				CLANG_WARN_INFINITE_RECURSION = YES;
				CLANG_WARN_INT_CONVERSION = YES;
				CLANG_WARN_NON_LITERAL_NULL_CONVERSION = YES;
				CLANG_WARN_OBJC_IMPLICIT_RETAIN_SELF = YES;
				CLANG_WARN_OBJC_LITERAL_CONVERSION = YES;
				CLANG_WARN_OBJC_ROOT_CLASS = YES_ERROR;
				CLANG_WARN_QUOTED_INCLUDE_IN_FRAMEWORK_HEADER = YES;
				CLANG_WARN_RANGE_LOOP_ANALYSIS = YES;
				CLANG_WARN_STRICT_PROTOTYPES = YES;
				CLANG_WARN_SUSPICIOUS_MOVE = YES;
				CLANG_WARN_UNGUARDED_AVAILABILITY = YES_AGGRESSIVE;
				CLANG_WARN_UNREACHABLE_CODE = YES;
				CLANG_WARN__DUPLICATE_METHOD_MATCH = YES;
				COPY_PHASE_STRIP = NO;
				DEBUG_INFORMATION_FORMAT = dwarf;
				ENABLE_STRICT_OBJC_MSGSEND = YES;
				ENABLE_TESTABILITY = YES;
				GCC_C_LANGUAGE_STANDARD = gnu11;
				GCC_DYNAMIC_NO_PIC = NO;
				GCC_NO_COMMON_BLOCKS = YES;
				GCC_OPTIMIZATION_LEVEL = 0;
				GCC_PREPROCESSOR_DEFINITIONS = (
					"DEBUG=1",
					"$(inherited)",
				);
				GCC_WARN_64_TO_32_BIT_CONVERSION = YES;
				GCC_WARN_ABOUT_RETURN_TYPE = YES_ERROR;
				GCC_WARN_UNDECLARED_SELECTOR = YES;
				GCC_WARN_UNINITIALIZED_AUTOS = YES_AGGRESSIVE;
				GCC_WARN_UNUSED_FUNCTION = YES;
				GCC_WARN_UNUSED_VARIABLE = YES;
				IPHONEOS_DEPLOYMENT_TARGET = 14.0;
				MTL_ENABLE_DEBUG_INFO = INCLUDE_SOURCE;
				MTL_FAST_MATH = YES;
				ONLY_ACTIVE_ARCH = YES;
				SDKROOT = iphoneos;
				SWIFT_ACTIVE_COMPILATION_CONDITIONS = DEBUG;
				SWIFT_OPTIMIZATION_LEVEL = "-Onone";
			};
			name = Debug;
		};
		E8B6F27929BEF8F8007DF468 /* Release */ = {
			isa = XCBuildConfiguration;
			buildSettings = {
				ALWAYS_SEARCH_USER_PATHS = NO;
				CLANG_ANALYZER_LOCALIZABILITY_NONLOCALIZED = YES;
				CLANG_ANALYZER_NONNULL = YES;
				CLANG_ANALYZER_NUMBER_OBJECT_CONVERSION = YES_AGGRESSIVE;
				CLANG_CXX_LANGUAGE_STANDARD = "gnu++20";
				CLANG_ENABLE_MODULES = YES;
				CLANG_ENABLE_OBJC_ARC = YES;
				CLANG_ENABLE_OBJC_WEAK = YES;
				CLANG_WARN_BLOCK_CAPTURE_AUTORELEASING = YES;
				CLANG_WARN_BOOL_CONVERSION = YES;
				CLANG_WARN_COMMA = YES;
				CLANG_WARN_CONSTANT_CONVERSION = YES;
				CLANG_WARN_DEPRECATED_OBJC_IMPLEMENTATIONS = YES;
				CLANG_WARN_DIRECT_OBJC_ISA_USAGE = YES_ERROR;
				CLANG_WARN_DOCUMENTATION_COMMENTS = YES;
				CLANG_WARN_EMPTY_BODY = YES;
				CLANG_WARN_ENUM_CONVERSION = YES;
				CLANG_WARN_INFINITE_RECURSION = YES;
				CLANG_WARN_INT_CONVERSION = YES;
				CLANG_WARN_NON_LITERAL_NULL_CONVERSION = YES;
				CLANG_WARN_OBJC_IMPLICIT_RETAIN_SELF = YES;
				CLANG_WARN_OBJC_LITERAL_CONVERSION = YES;
				CLANG_WARN_OBJC_ROOT_CLASS = YES_ERROR;
				CLANG_WARN_QUOTED_INCLUDE_IN_FRAMEWORK_HEADER = YES;
				CLANG_WARN_RANGE_LOOP_ANALYSIS = YES;
				CLANG_WARN_STRICT_PROTOTYPES = YES;
				CLANG_WARN_SUSPICIOUS_MOVE = YES;
				CLANG_WARN_UNGUARDED_AVAILABILITY = YES_AGGRESSIVE;
				CLANG_WARN_UNREACHABLE_CODE = YES;
				CLANG_WARN__DUPLICATE_METHOD_MATCH = YES;
				COPY_PHASE_STRIP = NO;
				DEBUG_INFORMATION_FORMAT = "dwarf-with-dsym";
				ENABLE_NS_ASSERTIONS = NO;
				ENABLE_STRICT_OBJC_MSGSEND = YES;
				GCC_C_LANGUAGE_STANDARD = gnu11;
				GCC_NO_COMMON_BLOCKS = YES;
				GCC_WARN_64_TO_32_BIT_CONVERSION = YES;
				GCC_WARN_ABOUT_RETURN_TYPE = YES_ERROR;
				GCC_WARN_UNDECLARED_SELECTOR = YES;
				GCC_WARN_UNINITIALIZED_AUTOS = YES_AGGRESSIVE;
				GCC_WARN_UNUSED_FUNCTION = YES;
				GCC_WARN_UNUSED_VARIABLE = YES;
				IPHONEOS_DEPLOYMENT_TARGET = 14.0;
				MTL_ENABLE_DEBUG_INFO = NO;
				MTL_FAST_MATH = YES;
				SDKROOT = iphoneos;
				SWIFT_COMPILATION_MODE = wholemodule;
				SWIFT_OPTIMIZATION_LEVEL = "-O";
				VALIDATE_PRODUCT = YES;
			};
			name = Release;
		};
		E8B6F27B29BEF8F8007DF468 /* Debug */ = {
			isa = XCBuildConfiguration;
			baseConfigurationReference = 19FF89C55A694E375975118C /* Pods-EM.debug.xcconfig */;
			buildSettings = {
				ASSETCATALOG_COMPILER_APPICON_NAME = AppIcon;
				ASSETCATALOG_COMPILER_GLOBAL_ACCENT_COLOR_NAME = AccentColor;
				CODE_SIGN_STYLE = Automatic;
				CURRENT_PROJECT_VERSION = 1;
				DEVELOPMENT_ASSET_PATHS = "\"EM/Preview Content\"";
				ENABLE_PREVIEWS = YES;
				GENERATE_INFOPLIST_FILE = YES;
				INFOPLIST_FILE = EM/Info.plist;
				INFOPLIST_KEY_UIApplicationSceneManifest_Generation = YES;
				INFOPLIST_KEY_UIApplicationSupportsIndirectInputEvents = YES;
				INFOPLIST_KEY_UILaunchScreen_Generation = YES;
				INFOPLIST_KEY_UISupportedInterfaceOrientations_iPad = "UIInterfaceOrientationPortrait UIInterfaceOrientationPortraitUpsideDown UIInterfaceOrientationLandscapeLeft UIInterfaceOrientationLandscapeRight";
				INFOPLIST_KEY_UISupportedInterfaceOrientations_iPhone = "UIInterfaceOrientationPortrait UIInterfaceOrientationLandscapeLeft UIInterfaceOrientationLandscapeRight";
				IPHONEOS_DEPLOYMENT_TARGET = 14.0;
				LD_RUNPATH_SEARCH_PATHS = (
					"$(inherited)",
					"@executable_path/Frameworks",
				);
				MARKETING_VERSION = 1.0;
				PRODUCT_BUNDLE_IDENTIFIER = AntonZyabkin.EM;
				PRODUCT_NAME = "$(TARGET_NAME)";
				SWIFT_EMIT_LOC_STRINGS = YES;
				SWIFT_VERSION = 5.0;
				TARGETED_DEVICE_FAMILY = "1,2";
			};
			name = Debug;
		};
		E8B6F27C29BEF8F8007DF468 /* Release */ = {
			isa = XCBuildConfiguration;
			baseConfigurationReference = FC368A08715CED33C717E743 /* Pods-EM.release.xcconfig */;
			buildSettings = {
				ASSETCATALOG_COMPILER_APPICON_NAME = AppIcon;
				ASSETCATALOG_COMPILER_GLOBAL_ACCENT_COLOR_NAME = AccentColor;
				CODE_SIGN_STYLE = Automatic;
				CURRENT_PROJECT_VERSION = 1;
				DEVELOPMENT_ASSET_PATHS = "\"EM/Preview Content\"";
				ENABLE_PREVIEWS = YES;
				GENERATE_INFOPLIST_FILE = YES;
				INFOPLIST_FILE = EM/Info.plist;
				INFOPLIST_KEY_UIApplicationSceneManifest_Generation = YES;
				INFOPLIST_KEY_UIApplicationSupportsIndirectInputEvents = YES;
				INFOPLIST_KEY_UILaunchScreen_Generation = YES;
				INFOPLIST_KEY_UISupportedInterfaceOrientations_iPad = "UIInterfaceOrientationPortrait UIInterfaceOrientationPortraitUpsideDown UIInterfaceOrientationLandscapeLeft UIInterfaceOrientationLandscapeRight";
				INFOPLIST_KEY_UISupportedInterfaceOrientations_iPhone = "UIInterfaceOrientationPortrait UIInterfaceOrientationLandscapeLeft UIInterfaceOrientationLandscapeRight";
				IPHONEOS_DEPLOYMENT_TARGET = 14.0;
				LD_RUNPATH_SEARCH_PATHS = (
					"$(inherited)",
					"@executable_path/Frameworks",
				);
				MARKETING_VERSION = 1.0;
				PRODUCT_BUNDLE_IDENTIFIER = AntonZyabkin.EM;
				PRODUCT_NAME = "$(TARGET_NAME)";
				SWIFT_EMIT_LOC_STRINGS = YES;
				SWIFT_VERSION = 5.0;
				TARGETED_DEVICE_FAMILY = "1,2";
			};
			name = Release;
		};
/* End XCBuildConfiguration section */

/* Begin XCConfigurationList section */
		E8B6F26729BEF8F5007DF468 /* Build configuration list for PBXProject "EM" */ = {
			isa = XCConfigurationList;
			buildConfigurations = (
				E8B6F27829BEF8F8007DF468 /* Debug */,
				E8B6F27929BEF8F8007DF468 /* Release */,
			);
			defaultConfigurationIsVisible = 0;
			defaultConfigurationName = Release;
		};
		E8B6F27A29BEF8F8007DF468 /* Build configuration list for PBXNativeTarget "EM" */ = {
			isa = XCConfigurationList;
			buildConfigurations = (
				E8B6F27B29BEF8F8007DF468 /* Debug */,
				E8B6F27C29BEF8F8007DF468 /* Release */,
			);
			defaultConfigurationIsVisible = 0;
			defaultConfigurationName = Release;
		};
/* End XCConfigurationList section */

/* Begin XCRemoteSwiftPackageReference section */
		E8E2C84F29C66F0B00284D9F /* XCRemoteSwiftPackageReference "FlowStacks" */ = {
			isa = XCRemoteSwiftPackageReference;
			repositoryURL = "https://github.com/johnpatrickmorgan/FlowStacks";
			requirement = {
				kind = upToNextMajorVersion;
				minimumVersion = 0.3.0;
			};
		};
/* End XCRemoteSwiftPackageReference section */

/* Begin XCSwiftPackageProductDependency section */
		E8E2C85029C66F0B00284D9F /* FlowStacks */ = {
			isa = XCSwiftPackageProductDependency;
			package = E8E2C84F29C66F0B00284D9F /* XCRemoteSwiftPackageReference "FlowStacks" */;
			productName = FlowStacks;
		};
/* End XCSwiftPackageProductDependency section */
	};
	rootObject = E8B6F26429BEF8F5007DF468 /* Project object */;
}
